
Microsoft Visual Studio Solution File, Format Version 12.00
# Visual Studio Version 17
VisualStudioVersion = 17.11.35222.181
MinimumVisualStudioVersion = 10.0.40219.1
Project("{FAE04EC0-301F-11D3-BF4B-00C04F79EFBC}") = "task3", "task3\task3.csproj", "{5A6749BC-2509-48EE-A8FE-7A7D104D1CD8}"
EndProject
Global
	GlobalSection(SolutionConfigurationPlatforms) = preSolution
		Debug|Any CPU = Debug|Any CPU
		Release|Any CPU = Release|Any CPU
	EndGlobalSection
	GlobalSection(ProjectConfigurationPlatforms) = postSolution
		{5A6749BC-2509-48EE-A8FE-7A7D104D1CD8}.Debug|Any CPU.ActiveCfg = Debug|Any CPU
		{5A6749BC-2509-48EE-A8FE-7A7D104D1CD8}.Debug|Any CPU.Build.0 = Debug|Any CPU
		{5A6749BC-2509-48EE-A8FE-7A7D104D1CD8}.Release|Any CPU.ActiveCfg = Release|Any CPU
		{5A6749BC-2509-48EE-A8FE-7A7D104D1CD8}.Release|Any CPU.Build.0 = Release|Any CPU
	EndGlobalSection
	GlobalSection(SolutionProperties) = preSolution
		HideSolutionNode = FALSE
	EndGlobalSection
	GlobalSection(ExtensibilityGlobals) = postSolution
		SolutionGuid = {3B7CD52E-D29F-44B1-9DD5-9A12BDC3031F}
	EndGlobalSection
EndGlobal
